// !$*UTF8*$!
{
	archiveVersion = 1;
	classes = {
	};
	objectVersion = 56;
	objects = {

/* Begin PBXBuildFile section */
		562285E92B0B231200F447CA /* WechatArts.json in Resources */ = {isa = PBXBuildFile; fileRef = 562285E82B0B231200F447CA /* WechatArts.json */; };
		562285EF2B0B337700F447CA /* Members.json in Resources */ = {isa = PBXBuildFile; fileRef = 562285EE2B0B337700F447CA /* Members.json */; };
		562285F22B0B38CA00F447CA /* Articles.json in Resources */ = {isa = PBXBuildFile; fileRef = 562285F12B0B38CA00F447CA /* Articles.json */; };
		562285FF2B0B3D0F00F447CA /* Users.json in Resources */ = {isa = PBXBuildFile; fileRef = 562285F82B0B3D0F00F447CA /* Users.json */; };
		564F8B8A2AC79A8A004C02CE /* PageData.swift in Sources */ = {isa = PBXBuildFile; fileRef = 564F8B892AC79A8A004C02CE /* PageData.swift */; };
		564F8B902AC79E89004C02CE /* SectionData.swift in Sources */ = {isa = PBXBuildFile; fileRef = 564F8B8F2AC79E89004C02CE /* SectionData.swift */; };
		564F8B922AC7A473004C02CE /* ButtonData.swift in Sources */ = {isa = PBXBuildFile; fileRef = 564F8B912AC7A473004C02CE /* ButtonData.swift */; };
		564F8B962AC7AAD1004C02CE /* DatabaseController.swift in Sources */ = {isa = PBXBuildFile; fileRef = 564F8B952AC7AAD1004C02CE /* DatabaseController.swift */; };
		564F8B992AC7F066004C02CE /* HomeView.swift in Sources */ = {isa = PBXBuildFile; fileRef = 564F8B982AC7F066004C02CE /* HomeView.swift */; };
		564F8B9B2AC7F09D004C02CE /* TeamInfoModalView.swift in Sources */ = {isa = PBXBuildFile; fileRef = 564F8B9A2AC7F09D004C02CE /* TeamInfoModalView.swift */; };
		564F8B9D2AC7F0E6004C02CE /* ProfileModalView.swift in Sources */ = {isa = PBXBuildFile; fileRef = 564F8B9C2AC7F0E6004C02CE /* ProfileModalView.swift */; };
		564F8B9F2AC7F2D9004C02CE /* ImageViewer.swift in Sources */ = {isa = PBXBuildFile; fileRef = 564F8B9E2AC7F2D9004C02CE /* ImageViewer.swift */; };
		564F8BA22AC7FCF7004C02CE /* LoginView.swift in Sources */ = {isa = PBXBuildFile; fileRef = 564F8BA12AC7FCF7004C02CE /* LoginView.swift */; };
		564F8BA42AC7FD1A004C02CE /* RegisterView.swift in Sources */ = {isa = PBXBuildFile; fileRef = 564F8BA32AC7FD1A004C02CE /* RegisterView.swift */; };
		564F8BA62AC7FDB8004C02CE /* UserData.swift in Sources */ = {isa = PBXBuildFile; fileRef = 564F8BA52AC7FDB8004C02CE /* UserData.swift */; };
		564F8BA82AC83A75004C02CE /* ProfileEditView.swift in Sources */ = {isa = PBXBuildFile; fileRef = 564F8BA72AC83A75004C02CE /* ProfileEditView.swift */; };
		564F8BAA2AC83F87004C02CE /* FavoritesView.swift in Sources */ = {isa = PBXBuildFile; fileRef = 564F8BA92AC83F87004C02CE /* FavoritesView.swift */; };
		565FCA762ACE6DD7002D75A3 /* PhotoWallView.swift in Sources */ = {isa = PBXBuildFile; fileRef = 565FCA752ACE6DD7002D75A3 /* PhotoWallView.swift */; };
		565FCA782ACE6DF3002D75A3 /* GridView.swift in Sources */ = {isa = PBXBuildFile; fileRef = 565FCA772ACE6DF3002D75A3 /* GridView.swift */; };
		565FCA7A2ACE6E1E002D75A3 /* ZoomImageView.swift in Sources */ = {isa = PBXBuildFile; fileRef = 565FCA792ACE6E1E002D75A3 /* ZoomImageView.swift */; };
		56619E632AC6CA9E007FBB45 /* DandelionPracticeTeamApp.swift in Sources */ = {isa = PBXBuildFile; fileRef = 56619E622AC6CA9E007FBB45 /* DandelionPracticeTeamApp.swift */; };
		56619E652AC6CA9E007FBB45 /* ContentView.swift in Sources */ = {isa = PBXBuildFile; fileRef = 56619E642AC6CA9E007FBB45 /* ContentView.swift */; };
		56619E672AC6CAA0007FBB45 /* Assets.xcassets in Resources */ = {isa = PBXBuildFile; fileRef = 56619E662AC6CAA0007FBB45 /* Assets.xcassets */; };
		56619E6A2AC6CAA0007FBB45 /* Preview Assets.xcassets in Resources */ = {isa = PBXBuildFile; fileRef = 56619E692AC6CAA0007FBB45 /* Preview Assets.xcassets */; };
		56C6B1AE2AC700F200FAA51F /* PublicInterviews.swift in Sources */ = {isa = PBXBuildFile; fileRef = 56C6B1AD2AC700F200FAA51F /* PublicInterviews.swift */; };
		56C6B1B02AC7041900FAA51F /* CountyFeaturesView.swift in Sources */ = {isa = PBXBuildFile; fileRef = 56C6B1AF2AC7041900FAA51F /* CountyFeaturesView.swift */; };
		56C6B1B22AC7045E00FAA51F /* Dandelions.swift in Sources */ = {isa = PBXBuildFile; fileRef = 56C6B1B12AC7045E00FAA51F /* Dandelions.swift */; };
		56C6B1B42AC7049C00FAA51F /* TitleTattle.swift in Sources */ = {isa = PBXBuildFile; fileRef = 56C6B1B32AC7049C00FAA51F /* TitleTattle.swift */; };
		56C6B1B62AC70BBC00FAA51F /* Article.swift in Sources */ = {isa = PBXBuildFile; fileRef = 56C6B1B52AC70BBC00FAA51F /* Article.swift */; };
		56C6B1B82AC71AAF00FAA51F /* Member.swift in Sources */ = {isa = PBXBuildFile; fileRef = 56C6B1B72AC71AAF00FAA51F /* Member.swift */; };
		56C6B1BA2AC7230800FAA51F /* WeChatArt.swift in Sources */ = {isa = PBXBuildFile; fileRef = 56C6B1B92AC7230800FAA51F /* WeChatArt.swift */; };
/* End PBXBuildFile section */

/* Begin PBXFileReference section */
		562285E82B0B231200F447CA /* WechatArts.json */ = {isa = PBXFileReference; fileEncoding = 4; lastKnownFileType = text.json; path = WechatArts.json; sourceTree = "<group>"; };
		562285EE2B0B337700F447CA /* Members.json */ = {isa = PBXFileReference; fileEncoding = 4; lastKnownFileType = text.json; path = Members.json; sourceTree = "<group>"; };
		562285F12B0B38CA00F447CA /* Articles.json */ = {isa = PBXFileReference; fileEncoding = 4; lastKnownFileType = text.json; path = Articles.json; sourceTree = "<group>"; };
		562285F82B0B3D0F00F447CA /* Users.json */ = {isa = PBXFileReference; fileEncoding = 4; lastKnownFileType = text.json; path = Users.json; sourceTree = "<group>"; };
		564F8B892AC79A8A004C02CE /* PageData.swift */ = {isa = PBXFileReference; lastKnownFileType = sourcecode.swift; path = PageData.swift; sourceTree = "<group>"; };
		564F8B8F2AC79E89004C02CE /* SectionData.swift */ = {isa = PBXFileReference; lastKnownFileType = sourcecode.swift; path = SectionData.swift; sourceTree = "<group>"; };
		564F8B912AC7A473004C02CE /* ButtonData.swift */ = {isa = PBXFileReference; lastKnownFileType = sourcecode.swift; path = ButtonData.swift; sourceTree = "<group>"; };
		564F8B952AC7AAD1004C02CE /* DatabaseController.swift */ = {isa = PBXFileReference; lastKnownFileType = sourcecode.swift; path = DatabaseController.swift; sourceTree = "<group>"; };
		564F8B982AC7F066004C02CE /* HomeView.swift */ = {isa = PBXFileReference; lastKnownFileType = sourcecode.swift; path = HomeView.swift; sourceTree = "<group>"; };
		564F8B9A2AC7F09D004C02CE /* TeamInfoModalView.swift */ = {isa = PBXFileReference; lastKnownFileType = sourcecode.swift; path = TeamInfoModalView.swift; sourceTree = "<group>"; };
		564F8B9C2AC7F0E6004C02CE /* ProfileModalView.swift */ = {isa = PBXFileReference; lastKnownFileType = sourcecode.swift; path = ProfileModalView.swift; sourceTree = "<group>"; };
		564F8B9E2AC7F2D9004C02CE /* ImageViewer.swift */ = {isa = PBXFileReference; lastKnownFileType = sourcecode.swift; path = ImageViewer.swift; sourceTree = "<group>"; };
		564F8BA12AC7FCF7004C02CE /* LoginView.swift */ = {isa = PBXFileReference; lastKnownFileType = sourcecode.swift; path = LoginView.swift; sourceTree = "<group>"; };
		564F8BA32AC7FD1A004C02CE /* RegisterView.swift */ = {isa = PBXFileReference; lastKnownFileType = sourcecode.swift; path = RegisterView.swift; sourceTree = "<group>"; };
		564F8BA52AC7FDB8004C02CE /* UserData.swift */ = {isa = PBXFileReference; lastKnownFileType = sourcecode.swift; path = UserData.swift; sourceTree = "<group>"; };
		564F8BA72AC83A75004C02CE /* ProfileEditView.swift */ = {isa = PBXFileReference; lastKnownFileType = sourcecode.swift; path = ProfileEditView.swift; sourceTree = "<group>"; };
		564F8BA92AC83F87004C02CE /* FavoritesView.swift */ = {isa = PBXFileReference; lastKnownFileType = sourcecode.swift; path = FavoritesView.swift; sourceTree = "<group>"; };
		565FCA752ACE6DD7002D75A3 /* PhotoWallView.swift */ = {isa = PBXFileReference; lastKnownFileType = sourcecode.swift; path = PhotoWallView.swift; sourceTree = "<group>"; };
		565FCA772ACE6DF3002D75A3 /* GridView.swift */ = {isa = PBXFileReference; lastKnownFileType = sourcecode.swift; path = GridView.swift; sourceTree = "<group>"; };
		565FCA792ACE6E1E002D75A3 /* ZoomImageView.swift */ = {isa = PBXFileReference; lastKnownFileType = sourcecode.swift; path = ZoomImageView.swift; sourceTree = "<group>"; };
		56619E5F2AC6CA9E007FBB45 /* DandelionPracticeTeam.app */ = {isa = PBXFileReference; explicitFileType = wrapper.application; includeInIndex = 0; path = DandelionPracticeTeam.app; sourceTree = BUILT_PRODUCTS_DIR; };
		56619E622AC6CA9E007FBB45 /* DandelionPracticeTeamApp.swift */ = {isa = PBXFileReference; lastKnownFileType = sourcecode.swift; path = DandelionPracticeTeamApp.swift; sourceTree = "<group>"; };
		56619E642AC6CA9E007FBB45 /* ContentView.swift */ = {isa = PBXFileReference; lastKnownFileType = sourcecode.swift; path = ContentView.swift; sourceTree = "<group>"; };
		56619E662AC6CAA0007FBB45 /* Assets.xcassets */ = {isa = PBXFileReference; lastKnownFileType = folder.assetcatalog; path = Assets.xcassets; sourceTree = "<group>"; };
		56619E692AC6CAA0007FBB45 /* Preview Assets.xcassets */ = {isa = PBXFileReference; lastKnownFileType = folder.assetcatalog; path = "Preview Assets.xcassets"; sourceTree = "<group>"; };
		56C6B1AD2AC700F200FAA51F /* PublicInterviews.swift */ = {isa = PBXFileReference; lastKnownFileType = sourcecode.swift; path = PublicInterviews.swift; sourceTree = "<group>"; };
		56C6B1AF2AC7041900FAA51F /* CountyFeaturesView.swift */ = {isa = PBXFileReference; lastKnownFileType = sourcecode.swift; path = CountyFeaturesView.swift; sourceTree = "<group>"; };
		56C6B1B12AC7045E00FAA51F /* Dandelions.swift */ = {isa = PBXFileReference; lastKnownFileType = sourcecode.swift; path = Dandelions.swift; sourceTree = "<group>"; };
		56C6B1B32AC7049C00FAA51F /* TitleTattle.swift */ = {isa = PBXFileReference; lastKnownFileType = sourcecode.swift; path = TitleTattle.swift; sourceTree = "<group>"; };
		56C6B1B52AC70BBC00FAA51F /* Article.swift */ = {isa = PBXFileReference; lastKnownFileType = sourcecode.swift; path = Article.swift; sourceTree = "<group>"; };
		56C6B1B72AC71AAF00FAA51F /* Member.swift */ = {isa = PBXFileReference; lastKnownFileType = sourcecode.swift; path = Member.swift; sourceTree = "<group>"; };
		56C6B1B92AC7230800FAA51F /* WeChatArt.swift */ = {isa = PBXFileReference; lastKnownFileType = sourcecode.swift; path = WeChatArt.swift; sourceTree = "<group>"; };
/* End PBXFileReference section */

/* Begin PBXFrameworksBuildPhase section */
		56619E5C2AC6CA9E007FBB45 /* Frameworks */ = {
			isa = PBXFrameworksBuildPhase;
			buildActionMask = 2147483647;
			files = (
			);
			runOnlyForDeploymentPostprocessing = 0;
		};
/* End PBXFrameworksBuildPhase section */

/* Begin PBXGroup section */
		564F8B8B2AC79DEA004C02CE /* CountyFeaturesView */ = {
			isa = PBXGroup;
			children = (
				56C6B1AF2AC7041900FAA51F /* CountyFeaturesView.swift */,
				564F8B892AC79A8A004C02CE /* PageData.swift */,
				564F8B8F2AC79E89004C02CE /* SectionData.swift */,
				564F8B912AC7A473004C02CE /* ButtonData.swift */,
			);
			path = CountyFeaturesView;
			sourceTree = "<group>";
		};
		564F8B8C2AC79E0E004C02CE /* PublicInterviews */ = {
			isa = PBXGroup;
			children = (
				562285F12B0B38CA00F447CA /* Articles.json */,
				56C6B1AD2AC700F200FAA51F /* PublicInterviews.swift */,
				56C6B1B52AC70BBC00FAA51F /* Article.swift */,
			);
			path = PublicInterviews;
			sourceTree = "<group>";
		};
		564F8B8D2AC79E29004C02CE /* Dandelions */ = {
			isa = PBXGroup;
			children = (
				562285EE2B0B337700F447CA /* Members.json */,
				56C6B1B12AC7045E00FAA51F /* Dandelions.swift */,
				56C6B1B72AC71AAF00FAA51F /* Member.swift */,
			);
			path = Dandelions;
			sourceTree = "<group>";
		};
		564F8B8E2AC79E39004C02CE /* TitleTattle */ = {
			isa = PBXGroup;
			children = (
				562285E82B0B231200F447CA /* WechatArts.json */,
				56C6B1B32AC7049C00FAA51F /* TitleTattle.swift */,
				56C6B1B92AC7230800FAA51F /* WeChatArt.swift */,
			);
			path = TitleTattle;
			sourceTree = "<group>";
		};
		564F8B972AC7F04C004C02CE /* NavigationViews */ = {
			isa = PBXGroup;
			children = (
				565FCA742ACE6DAE002D75A3 /* TeamInfo */,
				564F8BA02AC7FCE1004C02CE /* Profile */,
				564F8B982AC7F066004C02CE /* HomeView.swift */,
				564F8B9A2AC7F09D004C02CE /* TeamInfoModalView.swift */,
				564F8B9C2AC7F0E6004C02CE /* ProfileModalView.swift */,
				564F8B9E2AC7F2D9004C02CE /* ImageViewer.swift */,
			);
			path = NavigationViews;
			sourceTree = "<group>";
		};
		564F8BA02AC7FCE1004C02CE /* Profile */ = {
			isa = PBXGroup;
			children = (
				562285F82B0B3D0F00F447CA /* Users.json */,
				564F8BA12AC7FCF7004C02CE /* LoginView.swift */,
				564F8BA32AC7FD1A004C02CE /* RegisterView.swift */,
				564F8BA52AC7FDB8004C02CE /* UserData.swift */,
				564F8B952AC7AAD1004C02CE /* DatabaseController.swift */,
				564F8BA72AC83A75004C02CE /* ProfileEditView.swift */,
				564F8BA92AC83F87004C02CE /* FavoritesView.swift */,
			);
			path = Profile;
			sourceTree = "<group>";
		};
		565FCA742ACE6DAE002D75A3 /* TeamInfo */ = {
			isa = PBXGroup;
			children = (
				565FCA752ACE6DD7002D75A3 /* PhotoWallView.swift */,
				565FCA772ACE6DF3002D75A3 /* GridView.swift */,
				565FCA792ACE6E1E002D75A3 /* ZoomImageView.swift */,
			);
			path = TeamInfo;
			sourceTree = "<group>";
		};
		56619E562AC6CA9E007FBB45 = {
			isa = PBXGroup;
			children = (
				56619E612AC6CA9E007FBB45 /* DandelionPracticeTeam */,
				56619E602AC6CA9E007FBB45 /* Products */,
			);
			sourceTree = "<group>";
		};
		56619E602AC6CA9E007FBB45 /* Products */ = {
			isa = PBXGroup;
			children = (
				56619E5F2AC6CA9E007FBB45 /* DandelionPracticeTeam.app */,
			);
			name = Products;
			sourceTree = "<group>";
		};
		56619E612AC6CA9E007FBB45 /* DandelionPracticeTeam */ = {
			isa = PBXGroup;
			children = (
				564F8B972AC7F04C004C02CE /* NavigationViews */,
				564F8B8B2AC79DEA004C02CE /* CountyFeaturesView */,
				564F8B8C2AC79E0E004C02CE /* PublicInterviews */,
				564F8B8D2AC79E29004C02CE /* Dandelions */,
				564F8B8E2AC79E39004C02CE /* TitleTattle */,
				56619E622AC6CA9E007FBB45 /* DandelionPracticeTeamApp.swift */,
				56619E642AC6CA9E007FBB45 /* ContentView.swift */,
				56619E662AC6CAA0007FBB45 /* Assets.xcassets */,
				56619E682AC6CAA0007FBB45 /* Preview Content */,
			);
			path = DandelionPracticeTeam;
			sourceTree = "<group>";
		};
		56619E682AC6CAA0007FBB45 /* Preview Content */ = {
			isa = PBXGroup;
			children = (
				56619E692AC6CAA0007FBB45 /* Preview Assets.xcassets */,
			);
			path = "Preview Content";
			sourceTree = "<group>";
		};
/* End PBXGroup section */

/* Begin PBXNativeTarget section */
		56619E5E2AC6CA9E007FBB45 /* DandelionPracticeTeam */ = {
			isa = PBXNativeTarget;
			buildConfigurationList = 56619E6D2AC6CAA0007FBB45 /* Build configuration list for PBXNativeTarget "DandelionPracticeTeam" */;
			buildPhases = (
				56619E5B2AC6CA9E007FBB45 /* Sources */,
				56619E5C2AC6CA9E007FBB45 /* Frameworks */,
				56619E5D2AC6CA9E007FBB45 /* Resources */,
			);
			buildRules = (
			);
			dependencies = (
			);
			name = DandelionPracticeTeam;
			productName = DandelionPracticeTeam;
			productReference = 56619E5F2AC6CA9E007FBB45 /* DandelionPracticeTeam.app */;
			productType = "com.apple.product-type.application";
		};
/* End PBXNativeTarget section */

/* Begin PBXProject section */
		56619E572AC6CA9E007FBB45 /* Project object */ = {
			isa = PBXProject;
			attributes = {
				BuildIndependentTargetsInParallel = 1;
				LastSwiftUpdateCheck = 1500;
				LastUpgradeCheck = 1500;
				TargetAttributes = {
					56619E5E2AC6CA9E007FBB45 = {
						CreatedOnToolsVersion = 15.0;
					};
				};
			};
			buildConfigurationList = 56619E5A2AC6CA9E007FBB45 /* Build configuration list for PBXProject "DandelionPracticeTeam" */;
			compatibilityVersion = "Xcode 14.0";
			developmentRegion = en;
			hasScannedForEncodings = 0;
			knownRegions = (
				en,
				Base,
			);
			mainGroup = 56619E562AC6CA9E007FBB45;
			productRefGroup = 56619E602AC6CA9E007FBB45 /* Products */;
			projectDirPath = "";
			projectRoot = "";
			targets = (
				56619E5E2AC6CA9E007FBB45 /* DandelionPracticeTeam */,
			);
		};
/* End PBXProject section */

/* Begin PBXResourcesBuildPhase section */
		56619E5D2AC6CA9E007FBB45 /* Resources */ = {
			isa = PBXResourcesBuildPhase;
			buildActionMask = 2147483647;
			files = (
				562285FF2B0B3D0F00F447CA /* Users.json in Resources */,
				56619E6A2AC6CAA0007FBB45 /* Preview Assets.xcassets in Resources */,
				562285F22B0B38CA00F447CA /* Articles.json in Resources */,
				56619E672AC6CAA0007FBB45 /* Assets.xcassets in Resources */,
				562285E92B0B231200F447CA /* WechatArts.json in Resources */,
				562285EF2B0B337700F447CA /* Members.json in Resources */,
			);
			runOnlyForDeploymentPostprocessing = 0;
		};
/* End PBXResourcesBuildPhase section */

/* Begin PBXSourcesBuildPhase section */
		56619E5B2AC6CA9E007FBB45 /* Sources */ = {
			isa = PBXSourcesBuildPhase;
			buildActionMask = 2147483647;
			files = (
				564F8B9B2AC7F09D004C02CE /* TeamInfoModalView.swift in Sources */,
				56C6B1B62AC70BBC00FAA51F /* Article.swift in Sources */,
				564F8B992AC7F066004C02CE /* HomeView.swift in Sources */,
				564F8B9F2AC7F2D9004C02CE /* ImageViewer.swift in Sources */,
				565FCA7A2ACE6E1E002D75A3 /* ZoomImageView.swift in Sources */,
				565FCA762ACE6DD7002D75A3 /* PhotoWallView.swift in Sources */,
				564F8B962AC7AAD1004C02CE /* DatabaseController.swift in Sources */,
				56C6B1AE2AC700F200FAA51F /* PublicInterviews.swift in Sources */,
				564F8B902AC79E89004C02CE /* SectionData.swift in Sources */,
				564F8B8A2AC79A8A004C02CE /* PageData.swift in Sources */,
				564F8BA42AC7FD1A004C02CE /* RegisterView.swift in Sources */,
				565FCA782ACE6DF3002D75A3 /* GridView.swift in Sources */,
				56619E652AC6CA9E007FBB45 /* ContentView.swift in Sources */,
				564F8B922AC7A473004C02CE /* ButtonData.swift in Sources */,
				56C6B1B42AC7049C00FAA51F /* TitleTattle.swift in Sources */,
				564F8B9D2AC7F0E6004C02CE /* ProfileModalView.swift in Sources */,
				564F8BA22AC7FCF7004C02CE /* LoginView.swift in Sources */,
				56C6B1BA2AC7230800FAA51F /* WeChatArt.swift in Sources */,
				56619E632AC6CA9E007FBB45 /* DandelionPracticeTeamApp.swift in Sources */,
				564F8BAA2AC83F87004C02CE /* FavoritesView.swift in Sources */,
				564F8BA82AC83A75004C02CE /* ProfileEditView.swift in Sources */,
				56C6B1B22AC7045E00FAA51F /* Dandelions.swift in Sources */,
				56C6B1B02AC7041900FAA51F /* CountyFeaturesView.swift in Sources */,
				564F8BA62AC7FDB8004C02CE /* UserData.swift in Sources */,
				56C6B1B82AC71AAF00FAA51F /* Member.swift in Sources */,
			);
			runOnlyForDeploymentPostprocessing = 0;
		};
/* End PBXSourcesBuildPhase section */

/* Begin XCBuildConfiguration section */
		56619E6B2AC6CAA0007FBB45 /* Debug */ = {
			isa = XCBuildConfiguration;
			buildSettings = {
				ALWAYS_SEARCH_USER_PATHS = NO;
				ASSETCATALOG_COMPILER_GENERATE_SWIFT_ASSET_SYMBOL_EXTENSIONS = YES;
				CLANG_ANALYZER_NONNULL = YES;
				CLANG_ANALYZER_NUMBER_OBJECT_CONVERSION = YES_AGGRESSIVE;
				CLANG_CXX_LANGUAGE_STANDARD = "gnu++20";
				CLANG_ENABLE_MODULES = YES;
				CLANG_ENABLE_OBJC_ARC = YES;
				CLANG_ENABLE_OBJC_WEAK = YES;
				CLANG_WARN_BLOCK_CAPTURE_AUTORELEASING = YES;
				CLANG_WARN_BOOL_CONVERSION = YES;
				CLANG_WARN_COMMA = YES;
				CLANG_WARN_CONSTANT_CONVERSION = YES;
				CLANG_WARN_DEPRECATED_OBJC_IMPLEMENTATIONS = YES;
				CLANG_WARN_DIRECT_OBJC_ISA_USAGE = YES_ERROR;
				CLANG_WARN_DOCUMENTATION_COMMENTS = YES;
				CLANG_WARN_EMPTY_BODY = YES;
				CLANG_WARN_ENUM_CONVERSION = YES;
				CLANG_WARN_INFINITE_RECURSION = YES;
				CLANG_WARN_INT_CONVERSION = YES;
				CLANG_WARN_NON_LITERAL_NULL_CONVERSION = YES;
				CLANG_WARN_OBJC_IMPLICIT_RETAIN_SELF = YES;
				CLANG_WARN_OBJC_LITERAL_CONVERSION = YES;
				CLANG_WARN_OBJC_ROOT_CLASS = YES_ERROR;
				CLANG_WARN_QUOTED_INCLUDE_IN_FRAMEWORK_HEADER = YES;
				CLANG_WARN_RANGE_LOOP_ANALYSIS = YES;
				CLANG_WARN_STRICT_PROTOTYPES = YES;
				CLANG_WARN_SUSPICIOUS_MOVE = YES;
				CLANG_WARN_UNGUARDED_AVAILABILITY = YES_AGGRESSIVE;
				CLANG_WARN_UNREACHABLE_CODE = YES;
				CLANG_WARN__DUPLICATE_METHOD_MATCH = YES;
				COPY_PHASE_STRIP = NO;
				DEBUG_INFORMATION_FORMAT = dwarf;
				ENABLE_STRICT_OBJC_MSGSEND = YES;
				ENABLE_TESTABILITY = YES;
				ENABLE_USER_SCRIPT_SANDBOXING = YES;
				GCC_C_LANGUAGE_STANDARD = gnu17;
				GCC_DYNAMIC_NO_PIC = NO;
				GCC_NO_COMMON_BLOCKS = YES;
				GCC_OPTIMIZATION_LEVEL = 0;
				GCC_PREPROCESSOR_DEFINITIONS = (
					"DEBUG=1",
					"$(inherited)",
				);
				GCC_WARN_64_TO_32_BIT_CONVERSION = YES;
				GCC_WARN_ABOUT_RETURN_TYPE = YES_ERROR;
				GCC_WARN_UNDECLARED_SELECTOR = YES;
				GCC_WARN_UNINITIALIZED_AUTOS = YES_AGGRESSIVE;
				GCC_WARN_UNUSED_FUNCTION = YES;
				GCC_WARN_UNUSED_VARIABLE = YES;
				IPHONEOS_DEPLOYMENT_TARGET = 17.0;
				LOCALIZATION_PREFERS_STRING_CATALOGS = YES;
				MTL_ENABLE_DEBUG_INFO = INCLUDE_SOURCE;
				MTL_FAST_MATH = YES;
				ONLY_ACTIVE_ARCH = YES;
				SDKROOT = iphoneos;
				SWIFT_ACTIVE_COMPILATION_CONDITIONS = "DEBUG $(inherited)";
				SWIFT_OPTIMIZATION_LEVEL = "-Onone";
			};
			name = Debug;
		};
		56619E6C2AC6CAA0007FBB45 /* Release */ = {
			isa = XCBuildConfiguration;
			buildSettings = {
				ALWAYS_SEARCH_USER_PATHS = NO;
				ASSETCATALOG_COMPILER_GENERATE_SWIFT_ASSET_SYMBOL_EXTENSIONS = YES;
				CLANG_ANALYZER_NONNULL = YES;
				CLANG_ANALYZER_NUMBER_OBJECT_CONVERSION = YES_AGGRESSIVE;
				CLANG_CXX_LANGUAGE_STANDARD = "gnu++20";
				CLANG_ENABLE_MODULES = YES;
				CLANG_ENABLE_OBJC_ARC = YES;
				CLANG_ENABLE_OBJC_WEAK = YES;
				CLANG_WARN_BLOCK_CAPTURE_AUTORELEASING = YES;
				CLANG_WARN_BOOL_CONVERSION = YES;
				CLANG_WARN_COMMA = YES;
				CLANG_WARN_CONSTANT_CONVERSION = YES;
				CLANG_WARN_DEPRECATED_OBJC_IMPLEMENTATIONS = YES;
				CLANG_WARN_DIRECT_OBJC_ISA_USAGE = YES_ERROR;
				CLANG_WARN_DOCUMENTATION_COMMENTS = YES;
				CLANG_WARN_EMPTY_BODY = YES;
				CLANG_WARN_ENUM_CONVERSION = YES;
				CLANG_WARN_INFINITE_RECURSION = YES;
				CLANG_WARN_INT_CONVERSION = YES;
				CLANG_WARN_NON_LITERAL_NULL_CONVERSION = YES;
				CLANG_WARN_OBJC_IMPLICIT_RETAIN_SELF = YES;
				CLANG_WARN_OBJC_LITERAL_CONVERSION = YES;
				CLANG_WARN_OBJC_ROOT_CLASS = YES_ERROR;
				CLANG_WARN_QUOTED_INCLUDE_IN_FRAMEWORK_HEADER = YES;
				CLANG_WARN_RANGE_LOOP_ANALYSIS = YES;
				CLANG_WARN_STRICT_PROTOTYPES = YES;
				CLANG_WARN_SUSPICIOUS_MOVE = YES;
				CLANG_WARN_UNGUARDED_AVAILABILITY = YES_AGGRESSIVE;
				CLANG_WARN_UNREACHABLE_CODE = YES;
				CLANG_WARN__DUPLICATE_METHOD_MATCH = YES;
				COPY_PHASE_STRIP = NO;
				DEBUG_INFORMATION_FORMAT = "dwarf-with-dsym";
				ENABLE_NS_ASSERTIONS = NO;
				ENABLE_STRICT_OBJC_MSGSEND = YES;
				ENABLE_USER_SCRIPT_SANDBOXING = YES;
				GCC_C_LANGUAGE_STANDARD = gnu17;
				GCC_NO_COMMON_BLOCKS = YES;
				GCC_WARN_64_TO_32_BIT_CONVERSION = YES;
				GCC_WARN_ABOUT_RETURN_TYPE = YES_ERROR;
				GCC_WARN_UNDECLARED_SELECTOR = YES;
				GCC_WARN_UNINITIALIZED_AUTOS = YES_AGGRESSIVE;
				GCC_WARN_UNUSED_FUNCTION = YES;
				GCC_WARN_UNUSED_VARIABLE = YES;
				IPHONEOS_DEPLOYMENT_TARGET = 17.0;
				LOCALIZATION_PREFERS_STRING_CATALOGS = YES;
				MTL_ENABLE_DEBUG_INFO = NO;
				MTL_FAST_MATH = YES;
				SDKROOT = iphoneos;
				SWIFT_COMPILATION_MODE = wholemodule;
				VALIDATE_PRODUCT = YES;
			};
			name = Release;
		};
		56619E6E2AC6CAA0007FBB45 /* Debug */ = {
			isa = XCBuildConfiguration;
			buildSettings = {
				ASSETCATALOG_COMPILER_APPICON_NAME = AppIcon;
				ASSETCATALOG_COMPILER_GLOBAL_ACCENT_COLOR_NAME = AccentColor;
				CODE_SIGN_STYLE = Automatic;
				CURRENT_PROJECT_VERSION = 1;
				DEVELOPMENT_ASSET_PATHS = "\"DandelionPracticeTeam/Preview Content\"";
				DEVELOPMENT_TEAM = RGRA3MB6WL;
				ENABLE_PREVIEWS = YES;
				GENERATE_INFOPLIST_FILE = YES;
				INFOPLIST_KEY_UIApplicationSceneManifest_Generation = YES;
				INFOPLIST_KEY_UIApplicationSupportsIndirectInputEvents = YES;
				INFOPLIST_KEY_UILaunchScreen_Generation = YES;
				INFOPLIST_KEY_UISupportedInterfaceOrientations_iPad = "UIInterfaceOrientationPortrait UIInterfaceOrientationPortraitUpsideDown UIInterfaceOrientationLandscapeLeft UIInterfaceOrientationLandscapeRight";
				INFOPLIST_KEY_UISupportedInterfaceOrientations_iPhone = "UIInterfaceOrientationPortrait UIInterfaceOrientationLandscapeLeft UIInterfaceOrientationLandscapeRight";
				LD_RUNPATH_SEARCH_PATHS = (
					"$(inherited)",
					"@executable_path/Frameworks",
				);
				MARKETING_VERSION = 1.0;
				PRODUCT_BUNDLE_IDENTIFIER = com.charles.DandelionPracticeTeam;
				PRODUCT_NAME = "$(TARGET_NAME)";
				SWIFT_EMIT_LOC_STRINGS = YES;
				SWIFT_VERSION = 5.0;
				TARGETED_DEVICE_FAMILY = "1,2";
			};
			name = Debug;
		};
		56619E6F2AC6CAA0007FBB45 /* Release */ = {
			isa = XCBuildConfiguration;
			buildSettings = {
				ASSETCATALOG_COMPILER_APPICON_NAME = AppIcon;
				ASSETCATALOG_COMPILER_GLOBAL_ACCENT_COLOR_NAME = AccentColor;
				CODE_SIGN_STYLE = Automatic;
				CURRENT_PROJECT_VERSION = 1;
				DEVELOPMENT_ASSET_PATHS = "\"DandelionPracticeTeam/Preview Content\"";
				DEVELOPMENT_TEAM = RGRA3MB6WL;
				ENABLE_PREVIEWS = YES;
				GENERATE_INFOPLIST_FILE = YES;
				INFOPLIST_KEY_UIApplicationSceneManifest_Generation = YES;
				INFOPLIST_KEY_UIApplicationSupportsIndirectInputEvents = YES;
				INFOPLIST_KEY_UILaunchScreen_Generation = YES;
				INFOPLIST_KEY_UISupportedInterfaceOrientations_iPad = "UIInterfaceOrientationPortrait UIInterfaceOrientationPortraitUpsideDown UIInterfaceOrientationLandscapeLeft UIInterfaceOrientationLandscapeRight";
				INFOPLIST_KEY_UISupportedInterfaceOrientations_iPhone = "UIInterfaceOrientationPortrait UIInterfaceOrientationLandscapeLeft UIInterfaceOrientationLandscapeRight";
				LD_RUNPATH_SEARCH_PATHS = (
					"$(inherited)",
					"@executable_path/Frameworks",
				);
				MARKETING_VERSION = 1.0;
				PRODUCT_BUNDLE_IDENTIFIER = com.charles.DandelionPracticeTeam;
				PRODUCT_NAME = "$(TARGET_NAME)";
				SWIFT_EMIT_LOC_STRINGS = YES;
				SWIFT_VERSION = 5.0;
				TARGETED_DEVICE_FAMILY = "1,2";
			};
			name = Release;
		};
/* End XCBuildConfiguration section */

/* Begin XCConfigurationList section */
		56619E5A2AC6CA9E007FBB45 /* Build configuration list for PBXProject "DandelionPracticeTeam" */ = {
			isa = XCConfigurationList;
			buildConfigurations = (
				56619E6B2AC6CAA0007FBB45 /* Debug */,
				56619E6C2AC6CAA0007FBB45 /* Release */,
			);
			defaultConfigurationIsVisible = 0;
			defaultConfigurationName = Release;
		};
		56619E6D2AC6CAA0007FBB45 /* Build configuration list for PBXNativeTarget "DandelionPracticeTeam" */ = {
			isa = XCConfigurationList;
			buildConfigurations = (
				56619E6E2AC6CAA0007FBB45 /* Debug */,
				56619E6F2AC6CAA0007FBB45 /* Release */,
			);
			defaultConfigurationIsVisible = 0;
			defaultConfigurationName = Release;
		};
/* End XCConfigurationList section */
	};
	rootObject = 56619E572AC6CA9E007FBB45 /* Project object */;
}
